// !$*UTF8*$!
{
	archiveVersion = 1;
	classes = {
	};
	objectVersion = 46;
	objects = {

/* Begin PBXBuildFile section */
		88CB62D51F244C3C000E795E /* AppDelegate.swift in Sources */ = {isa = PBXBuildFile; fileRef = 88CB62D41F244C3C000E795E /* AppDelegate.swift */; };
		88CB62D71F244C3C000E795E /* ViewController.swift in Sources */ = {isa = PBXBuildFile; fileRef = 88CB62D61F244C3C000E795E /* ViewController.swift */; };
		88CB62DA1F244C3C000E795E /* Main.storyboard in Resources */ = {isa = PBXBuildFile; fileRef = 88CB62D81F244C3C000E795E /* Main.storyboard */; };
		88CB62DC1F244C3C000E795E /* Assets.xcassets in Resources */ = {isa = PBXBuildFile; fileRef = 88CB62DB1F244C3C000E795E /* Assets.xcassets */; };
		88CB62DF1F244C3C000E795E /* LaunchScreen.storyboard in Resources */ = {isa = PBXBuildFile; fileRef = 88CB62DD1F244C3C000E795E /* LaunchScreen.storyboard */; };
/* End PBXBuildFile section */

/* Begin PBXFileReference section */
		88CB62D11F244C3C000E795E /* War11.app */ = {isa = PBXFileReference; explicitFileType = wrapper.application; includeInIndex = 0; path = War11.app; sourceTree = BUILT_PRODUCTS_DIR; };
		88CB62D41F244C3C000E795E /* AppDelegate.swift */ = {isa = PBXFileReference; lastKnownFileType = sourcecode.swift; path = AppDelegate.swift; sourceTree = "<group>"; };
		88CB62D61F244C3C000E795E /* ViewController.swift */ = {isa = PBXFileReference; lastKnownFileType = sourcecode.swift; path = ViewController.swift; sourceTree = "<group>"; };
		88CB62D91F244C3C000E795E /* Base */ = {isa = PBXFileReference; lastKnownFileType = file.storyboard; name = Base; path = Base.lproj/Main.storyboard; sourceTree = "<group>"; };
		88CB62DB1F244C3C000E795E /* Assets.xcassets */ = {isa = PBXFileReference; lastKnownFileType = folder.assetcatalog; path = Assets.xcassets; sourceTree = "<group>"; };
		88CB62DE1F244C3C000E795E /* Base */ = {isa = PBXFileReference; lastKnownFileType = file.storyboard; name = Base; path = Base.lproj/LaunchScreen.storyboard; sourceTree = "<group>"; };
		88CB62E01F244C3C000E795E /* Info.plist */ = {isa = PBXFileReference; lastKnownFileType = text.plist.xml; path = Info.plist; sourceTree = "<group>"; };
/* End PBXFileReference section */

/* Begin PBXFrameworksBuildPhase section */
		88CB62CE1F244C3C000E795E /* Frameworks */ = {
			isa = PBXFrameworksBuildPhase;
			buildActionMask = 2147483647;
			files = (
			);
			runOnlyForDeploymentPostprocessing = 0;
		};
/* End PBXFrameworksBuildPhase section */

/* Begin PBXGroup section */
		88CB62C81F244C3C000E795E = {
			isa = PBXGroup;
			children = (
				88CB62D31F244C3C000E795E /* War11 */,
				88CB62D21F244C3C000E795E /* Products */,
			);
			sourceTree = "<group>";
		};
		88CB62D21F244C3C000E795E /* Products */ = {
			isa = PBXGroup;
			children = (
				88CB62D11F244C3C000E795E /* War11.app */,
			);
			name = Products;
			sourceTree = "<group>";
		};
		88CB62D31F244C3C000E795E /* War11 */ = {
			isa = PBXGroup;
			children = (
				88CB62D41F244C3C000E795E /* AppDelegate.swift */,
				88CB62D61F244C3C000E795E /* ViewController.swift */,
				88CB62D81F244C3C000E795E /* Main.storyboard */,
				88CB62DB1F244C3C000E795E /* Assets.xcassets */,
				88CB62DD1F244C3C000E795E /* LaunchScreen.storyboard */,
				88CB62E01F244C3C000E795E /* Info.plist */,
			);
			path = War11;
			sourceTree = "<group>";
		};
/* End PBXGroup section */

/* Begin PBXNativeTarget section */
		88CB62D01F244C3C000E795E /* War11 */ = {
			isa = PBXNativeTarget;
			buildConfigurationList = 88CB62E31F244C3C000E795E /* Build configuration list for PBXNativeTarget "War11" */;
			buildPhases = (
				88CB62CD1F244C3C000E795E /* Sources */,
				88CB62CE1F244C3C000E795E /* Frameworks */,
				88CB62CF1F244C3C000E795E /* Resources */,
			);
			buildRules = (
			);
			dependencies = (
			);
			name = War11;
			productName = War11;
			productReference = 88CB62D11F244C3C000E795E /* War11.app */;
			productType = "com.apple.product-type.application";
		};
/* End PBXNativeTarget section */

/* Begin PBXProject section */
		88CB62C91F244C3C000E795E /* Project object */ = {
			isa = PBXProject;
			attributes = {
				LastSwiftUpdateCheck = 0830;
				LastUpgradeCheck = 0830;
				ORGANIZATIONNAME = "Sain-R Edwards Jr.";
				TargetAttributes = {
					88CB62D01F244C3C000E795E = {
						CreatedOnToolsVersion = 8.3.3;
						DevelopmentTeam = YRMU5C8C32;
						ProvisioningStyle = Automatic;
					};
				};
			};
			buildConfigurationList = 88CB62CC1F244C3C000E795E /* Build configuration list for PBXProject "War11" */;
			compatibilityVersion = "Xcode 3.2";
			developmentRegion = English;
			hasScannedForEncodings = 0;
			knownRegions = (
				en,
				Base,
			);
			mainGroup = 88CB62C81F244C3C000E795E;
			productRefGroup = 88CB62D21F244C3C000E795E /* Products */;
			projectDirPath = "";
			projectRoot = "";
			targets = (
				88CB62D01F244C3C000E795E /* War11 */,
			);
		};
/* End PBXProject section */

/* Begin PBXResourcesBuildPhase section */
		88CB62CF1F244C3C000E795E /* Resources */ = {
			isa = PBXResourcesBuildPhase;
			buildActionMask = 2147483647;
			files = (
				88CB62DF1F244C3C000E795E /* LaunchScreen.storyboard in Resources */,
				88CB62DC1F244C3C000E795E /* Assets.xcassets in Resources */,
				88CB62DA1F244C3C000E795E /* Main.storyboard in Resources */,
			);
			runOnlyForDeploymentPostprocessing = 0;
		};
/* End PBXResourcesBuildPhase section */

/* Begin PBXSourcesBuildPhase section */
		88CB62CD1F244C3C000E795E /* Sources */ = {
			isa = PBXSourcesBuildPhase;
			buildActionMask = 2147483647;
			files = (
				88CB62D71F244C3C000E795E /* ViewController.swift in Sources */,
				88CB62D51F244C3C000E795E /* AppDelegate.swift in Sources */,
			);
			runOnlyForDeploymentPostprocessing = 0;
		};
/* End PBXSourcesBuildPhase section */

/* Begin PBXVariantGroup section */
		88CB62D81F244C3C000E795E /* Main.storyboard */ = {
			isa = PBXVariantGroup;
			children = (
				88CB62D91F244C3C000E795E /* Base */,
			);
			name = Main.storyboard;
			sourceTree = "<group>";
		};
		88CB62DD1F244C3C000E795E /* LaunchScreen.storyboard */ = {
			isa = PBXVariantGroup;
			children = (
				88CB62DE1F244C3C000E795E /* Base */,
			);
			name = LaunchScreen.storyboard;
			sourceTree = "<group>";
		};
/* End PBXVariantGroup section */

/* Begin XCBuildConfiguration section */
		88CB62E11F244C3C000E795E /* Debug */ = {
			isa = XCBuildConfiguration;
			buildSettings = {
				ALWAYS_SEARCH_USER_PATHS = NO;
				CLANG_ANALYZER_NONNULL = YES;
				CLANG_ANALYZER_NUMBER_OBJECT_CONVERSION = YES_AGGRESSIVE;
				CLANG_CXX_LANGUAGE_STANDARD = "gnu++0x";
				CLANG_CXX_LIBRARY = "libc++";
				CLANG_ENABLE_MODULES = YES;
				CLANG_ENABLE_OBJC_ARC = YES;
				CLANG_WARN_BOOL_CONVERSION = YES;
				CLANG_WARN_CONSTANT_CONVERSION = YES;
				CLANG_WARN_DIRECT_OBJC_ISA_USAGE = YES_ERROR;
				CLANG_WARN_DOCUMENTATION_COMMENTS = YES;
				CLANG_WARN_EMPTY_BODY = YES;
				CLANG_WARN_ENUM_CONVERSION = YES;
				CLANG_WARN_INFINITE_RECURSION = YES;
				CLANG_WARN_INT_CONVERSION = YES;
				CLANG_WARN_OBJC_ROOT_CLASS = YES_ERROR;
				CLANG_WARN_SUSPICIOUS_MOVE = YES;
				CLANG_WARN_UNREACHABLE_CODE = YES;
				CLANG_WARN__DUPLICATE_METHOD_MATCH = YES;
				"CODE_SIGN_IDENTITY[sdk=iphoneos*]" = "iPhone Developer";
				COPY_PHASE_STRIP = NO;
				DEBUG_INFORMATION_FORMAT = dwarf;
				ENABLE_STRICT_OBJC_MSGSEND = YES;
				ENABLE_TESTABILITY = YES;
				GCC_C_LANGUAGE_STANDARD = gnu99;
				GCC_DYNAMIC_NO_PIC = NO;
				GCC_NO_COMMON_BLOCKS = YES;
				GCC_OPTIMIZATION_LEVEL = 0;
				GCC_PREPROCESSOR_DEFINITIONS = (
					"DEBUG=1",
					"$(inherited)",
				);
				GCC_WARN_64_TO_32_BIT_CONVERSION = YES;
				GCC_WARN_ABOUT_RETURN_TYPE = YES_ERROR;
				GCC_WARN_UNDECLARED_SELECTOR = YES;
				GCC_WARN_UNINITIALIZED_AUTOS = YES_AGGRESSIVE;
				GCC_WARN_UNUSED_FUNCTION = YES;
				GCC_WARN_UNUSED_VARIABLE = YES;
				IPHONEOS_DEPLOYMENT_TARGET = 10.3;
				MTL_ENABLE_DEBUG_INFO = YES;
				ONLY_ACTIVE_ARCH = YES;
				SDKROOT = iphoneos;
				SWIFT_ACTIVE_COMPILATION_CONDITIONS = DEBUG;
				SWIFT_OPTIMIZATION_LEVEL = "-Onone";
			};
			name = Debug;
		};
		88CB62E21F244C3C000E795E /* Release */ = {
			isa = XCBuildConfiguration;
			buildSettings = {
				ALWAYS_SEARCH_USER_PATHS = NO;
				CLANG_ANALYZER_NONNULL = YES;
				CLANG_ANALYZER_NUMBER_OBJECT_CONVERSION = YES_AGGRESSIVE;
				CLANG_CXX_LANGUAGE_STANDARD = "gnu++0x";
				CLANG_CXX_LIBRARY = "libc++";
				CLANG_ENABLE_MODULES = YES;
				CLANG_ENABLE_OBJC_ARC = YES;
				CLANG_WARN_BOOL_CONVERSION = YES;
				CLANG_WARN_CONSTANT_CONVERSION = YES;
				CLANG_WARN_DIRECT_OBJC_ISA_USAGE = YES_ERROR;
				CLANG_WARN_DOCUMENTATION_COMMENTS = YES;
				CLANG_WARN_EMPTY_BODY = YES;
				CLANG_WARN_ENUM_CONVERSION = YES;
				CLANG_WARN_INFINITE_RECURSION = YES;
				CLANG_WARN_INT_CONVERSION = YES;
				CLANG_WARN_OBJC_ROOT_CLASS = YES_ERROR;
				CLANG_WARN_SUSPICIOUS_MOVE = YES;
				CLANG_WARN_UNREACHABLE_CODE = YES;
				CLANG_WARN__DUPLICATE_METHOD_MATCH = YES;
				"CODE_SIGN_IDENTITY[sdk=iphoneos*]" = "iPhone Developer";
				COPY_PHASE_STRIP = NO;
				DEBUG_INFORMATION_FORMAT = "dwarf-with-dsym";
				ENABLE_NS_ASSERTIONS = NO;
				ENABLE_STRICT_OBJC_MSGSEND = YES;
				GCC_C_LANGUAGE_STANDARD = gnu99;
				GCC_NO_COMMON_BLOCKS = YES;
				GCC_WARN_64_TO_32_BIT_CONVERSION = YES;
				GCC_WARN_ABOUT_RETURN_TYPE = YES_ERROR;
				GCC_WARN_UNDECLARED_SELECTOR = YES;
				GCC_WARN_UNINITIALIZED_AUTOS = YES_AGGRESSIVE;
				GCC_WARN_UNUSED_FUNCTION = YES;
				GCC_WARN_UNUSED_VARIABLE = YES;
				IPHONEOS_DEPLOYMENT_TARGET = 10.3;
				MTL_ENABLE_DEBUG_INFO = NO;
				SDKROOT = iphoneos;
				SWIFT_OPTIMIZATION_LEVEL = "-Owholemodule";
				VALIDATE_PRODUCT = YES;
			};
			name = Release;
		};
		88CB62E41F244C3C000E795E /* Debug */ = {
			isa = XCBuildConfiguration;
			buildSettings = {
				ASSETCATALOG_COMPILER_APPICON_NAME = AppIcon;
				DEVELOPMENT_TEAM = YRMU5C8C32;
				INFOPLIST_FILE = War11/Info.plist;
				LD_RUNPATH_SEARCH_PATHS = "$(inherited) @executable_path/Frameworks";
				PRODUCT_BUNDLE_IDENTIFIER = com.appybuildmore.War11;
				PRODUCT_NAME = "$(TARGET_NAME)";
				SWIFT_VERSION = 3.0;
			};
			name = Debug;
		};
		88CB62E51F244C3C000E795E /* Release */ = {
			isa = XCBuildConfiguration;
			buildSettings = {
				ASSETCATALOG_COMPILER_APPICON_NAME = AppIcon;
				DEVELOPMENT_TEAM = YRMU5C8C32;
				INFOPLIST_FILE = War11/Info.plist;
				LD_RUNPATH_SEARCH_PATHS = "$(inherited) @executable_path/Frameworks";
				PRODUCT_BUNDLE_IDENTIFIER = com.appybuildmore.War11;
				PRODUCT_NAME = "$(TARGET_NAME)";
				SWIFT_VERSION = 3.0;
			};
			name = Release;
		};
/* End XCBuildConfiguration section */

/* Begin XCConfigurationList section */
		88CB62CC1F244C3C000E795E /* Build configuration list for PBXProject "War11" */ = {
			isa = XCConfigurationList;
			buildConfigurations = (
				88CB62E11F244C3C000E795E /* Debug */,
				88CB62E21F244C3C000E795E /* Release */,
			);
			defaultConfigurationIsVisible = 0;
			defaultConfigurationName = Release;
		};
		88CB62E31F244C3C000E795E /* Build configuration list for PBXNativeTarget "War11" */ = {
			isa = XCConfigurationList;
			buildConfigurations = (
				88CB62E41F244C3C000E795E /* Debug */,
				88CB62E51F244C3C000E795E /* Release */,
			);
			defaultConfigurationIsVisible = 0;
		};
/* End XCConfigurationList section */
	};
	rootObject = 88CB62C91F244C3C000E795E /* Project object */;
}
